<Solution>
  <Project Path="src\Aether.Media.Core\Aether.Media.Core.csproj" />
  <Project Path="src\Aether.Media.Identity\Aether.Media.Identity.csproj" />
  <Project Path="src\Aether.Media.Content\Aether.Media.Content.csproj" />
  <Project Path="src\Aether.Media.Social\Aether.Media.Social.csproj" />
  <Project Path="src\Aether.Media.Streaming\Aether.Media.Streaming.csproj" />
  <Project Path="src\Aether.Media.AI\Aether.Media.AI.csproj" />
  <Project Path="src\Aether.Media.Distribution\Aether.Media.Distribution.csproj" />
  <Project Path="src\Aether.Media.LocalLibrary\Aether.Media.LocalLibrary.csproj" />
  <Project Path="src\Aether.Media.Reel\Aether.Media.Reel.csproj" />
  <Project Path="src\Aether.Media.UI.Shared\Aether.Media.UI.Shared.csproj" />
  <Project Path="src\Aether.Media.Mobile\Aether.Media.Mobile.csproj" />
  <Project Path="src\Aether.Media.Web\Aether.Media.Web.csproj" />
  <Project Path="src\Aether.Media.DependencyInjection\Aether.Media.DependencyInjection.csproj" />
  <Project Path="tests\Aether.Media.Core.Tests\Aether.Media.Core.Tests.csproj" />
  <Project Path="tests\Aether.Media.Social.Tests\Aether.Media.Social.Tests.csproj" />
  <Project Path="tests\Aether.Media.Streaming.Tests\Aether.Media.Streaming.Tests.csproj" />
  <Project Path="tests\Aether.Media.Content.Tests\Aether.Media.Content.Tests.csproj" />
  <Project Path="tests\Aether.Media.Identity.Tests\Aether.Media.Identity.Tests.csproj" />
  <Project Path="tests\Aether.Media.AI.Tests\Aether.Media.AI.Tests.csproj" />
  <Project Path="tests\Aether.Media.Distribution.Tests\Aether.Media.Distribution.Tests.csproj" />
  <Project Path="tests\Aether.Media.LocalLibrary.Tests\Aether.Media.LocalLibrary.Tests.csproj" />
  <Project Path="tests\Aether.Media.Reel.Tests\Aether.Media.Reel.Tests.csproj" />
  <Project Path="samples\Aether.Media.Demo.Console\Aether.Media.Demo.Console.csproj" />
  <Project Path="samples\Aether.Media.RelayTest\Aether.Media.RelayTest.csproj" />
  <!-- Phase 2 Extensions -->
  <Project Path="extensions\aether-space\src\Aether.Space.Core\Aether.Space.Core.csproj" />
  <Project Path="extensions\aether-space\src\Aether.Space.Protocol\Aether.Space.Protocol.csproj" />
  <Project Path="extensions\aether-space\tests\Aether.Space.Tests\Aether.Space.Tests.csproj" />
  <Project Path="extensions\aether-forge\src\Aether.Forge.Core\Aether.Forge.Core.csproj" />
  <Project Path="extensions\aether-forge\src\Aether.Forge.Proxy\Aether.Forge.Proxy.csproj" />
  <Project Path="extensions\aether-forge\tests\Aether.Forge.Tests\Aether.Forge.Tests.csproj" />
  <Project Path="extensions\aether-vault\src\Aether.Vault.Core\Aether.Vault.Core.csproj" />
  <Project Path="extensions\aether-vault\src\Aether.Vault.ErasureCoding\Aether.Vault.ErasureCoding.csproj" />
  <Project Path="extensions\aether-vault\tests\Aether.Vault.Tests\Aether.Vault.Tests.csproj" />
  <Project Path="extensions\aether-market\src\Aether.Market.Core\Aether.Market.Core.csproj" />
  <Project Path="extensions\aether-market\src\Aether.Market.Protocol\Aether.Market.Protocol.csproj" />
  <Project Path="extensions\aether-market\tests\Aether.Market.Tests\Aether.Market.Tests.csproj" />
</Solution>
